
Microsoft Visual Studio Solution File, Format Version 12.00
# Visual Studio Version 16
VisualStudioVersion = 16.0.28729.10
MinimumVisualStudioVersion = 10.0.40219.1
Project("{2150E333-8FDC-42A3-9474-1A3956D46DE8}") = "src", "src", "{AE3E98DB-35C1-42D8-AB6D-DE37189DDAA1}"
EndProject
Project("{2150E333-8FDC-42A3-9474-1A3956D46DE8}") = "Solution Items", "Solution Items", "{1D26002E-3D0A-47FC-A1F7-BC56D11EC5BF}"
EndProject
Project("{2150E333-8FDC-42A3-9474-1A3956D46DE8}") = "Medelit.Application", "Medelit.Application", "{8941C48B-849B-4625-B5F8-0EF567135BC0}"
EndProject
Project("{2150E333-8FDC-42A3-9474-1A3956D46DE8}") = "Medelit.Domain", "Medelit.Domain", "{988F2F26-89C2-4C44-B1BB-42C394832A4E}"
EndProject
Project("{2150E333-8FDC-42A3-9474-1A3956D46DE8}") = "Medelit.Infra", "Medelit.Infra", "{04CCC7F8-8AF7-4965-B2EF-2E28331BE421}"
EndProject
Project("{2150E333-8FDC-42A3-9474-1A3956D46DE8}") = "Medelit.Data", "Medelit.Data", "{DCCD4FD6-B437-4586-B932-7AC40EF86A71}"
EndProject
Project("{2150E333-8FDC-42A3-9474-1A3956D46DE8}") = "Medelit.CrossCutting", "Medelit.CrossCutting", "{68258835-A222-468B-84F5-441AD58BCD51}"
EndProject
Project("{9A19103F-16F7-4668-BE54-9A1E7A4F7556}") = "Medelit.Domain", "src\Medelit.Domain\Medelit.Domain.csproj", "{906E381B-85D8-4AEC-9DD0-48F4117FDD9D}"
EndProject
Project("{9A19103F-16F7-4668-BE54-9A1E7A4F7556}") = "Medelit.Application", "src\Medelit.Application\Medelit.Application.csproj", "{8EA27390-8455-48EA-ABCB-881272BCE68A}"
EndProject
Project("{9A19103F-16F7-4668-BE54-9A1E7A4F7556}") = "Medelit.Infra.Data", "src\Medelit.Infra.Data\Medelit.Infra.Data.csproj", "{3701E4D6-A057-49F4-9872-2CAD0487452C}"
EndProject
Project("{9A19103F-16F7-4668-BE54-9A1E7A4F7556}") = "Medelit.Infra.CrossCutting.IoC", "src\Medelit.Infra.CrossCutting.IoC\Medelit.Infra.CrossCutting.IoC.csproj", "{9330566C-4093-4FC7-AF61-14850DD15793}"
EndProject
Project("{9A19103F-16F7-4668-BE54-9A1E7A4F7556}") = "Medelit.Domain.Core", "src\Medelit.Domain.Core\Medelit.Domain.Core.csproj", "{A9CB4A5C-DCF4-4F87-83C2-2D6A34C6E2BA}"
EndProject
Project("{9A19103F-16F7-4668-BE54-9A1E7A4F7556}") = "Medelit.Infra.CrossCutting.Bus", "src\Medelit.Infra.CrossCutting.Bus\Medelit.Infra.CrossCutting.Bus.csproj", "{7C9495CE-AEC5-44CB-9D9C-1150DF99F817}"
EndProject
Project("{2150E333-8FDC-42A3-9474-1A3956D46DE8}") = "Medelit.Api", "Medelit.Api", "{BF72D8EC-E19F-4D0C-8CDA-39E031E44EEF}"
EndProject
Project("{9A19103F-16F7-4668-BE54-9A1E7A4F7556}") = "Medelit.Api", "src\Medelit.Api\Medelit.Api.csproj", "{9E87D9CA-6617-4DB1-901B-F9A09E7D6ECF}"
EndProject
Project("{2150E333-8FDC-42A3-9474-1A3956D46DE8}") = "Medelit.DbMigrations", "Medelit.DbMigrations", "{60AB5C1C-5106-40FB-B135-307ADFF1E968}"
EndProject
Project("{9A19103F-16F7-4668-BE54-9A1E7A4F7556}") = "DbMigrations", "src\Medelit.DbMigration\DbMigrations.csproj", "{8ED50735-4A9D-449F-B854-E2A1470F1D5B}"
EndProject
Project("{2150E333-8FDC-42A3-9474-1A3956D46DE8}") = "Medelit.Common", "Medelit.Common", "{4B18FA02-0F80-4EE7-8B8C-5657C5D0311E}"
EndProject
Project("{9A19103F-16F7-4668-BE54-9A1E7A4F7556}") = "Medelit.Common", "src\Medelit.Common\Medelit.Common.csproj", "{E0C98BDF-0F27-4324-80A7-00A3A17E4663}"
EndProject
Project("{9A19103F-16F7-4668-BE54-9A1E7A4F7556}") = "Medelit.Infra.CrossCutting.Identity", "src\Medelit.Infra.CrossCutting.Identity\Medelit.Infra.CrossCutting.Identity.csproj", "{7336A2C3-FF5E-442B-AE1F-0CE0A556F162}"
EndProject
Global
	GlobalSection(SolutionConfigurationPlatforms) = preSolution
		Debug|Any CPU = Debug|Any CPU
		Release|Any CPU = Release|Any CPU
	EndGlobalSection
	GlobalSection(ProjectConfigurationPlatforms) = postSolution
		{906E381B-85D8-4AEC-9DD0-48F4117FDD9D}.Debug|Any CPU.ActiveCfg = Debug|Any CPU
		{906E381B-85D8-4AEC-9DD0-48F4117FDD9D}.Debug|Any CPU.Build.0 = Debug|Any CPU
		{906E381B-85D8-4AEC-9DD0-48F4117FDD9D}.Release|Any CPU.ActiveCfg = Release|Any CPU
		{906E381B-85D8-4AEC-9DD0-48F4117FDD9D}.Release|Any CPU.Build.0 = Release|Any CPU
		{8EA27390-8455-48EA-ABCB-881272BCE68A}.Debug|Any CPU.ActiveCfg = Debug|Any CPU
		{8EA27390-8455-48EA-ABCB-881272BCE68A}.Debug|Any CPU.Build.0 = Debug|Any CPU
		{8EA27390-8455-48EA-ABCB-881272BCE68A}.Release|Any CPU.ActiveCfg = Release|Any CPU
		{8EA27390-8455-48EA-ABCB-881272BCE68A}.Release|Any CPU.Build.0 = Release|Any CPU
		{3701E4D6-A057-49F4-9872-2CAD0487452C}.Debug|Any CPU.ActiveCfg = Debug|Any CPU
		{3701E4D6-A057-49F4-9872-2CAD0487452C}.Debug|Any CPU.Build.0 = Debug|Any CPU
		{3701E4D6-A057-49F4-9872-2CAD0487452C}.Release|Any CPU.ActiveCfg = Release|Any CPU
		{3701E4D6-A057-49F4-9872-2CAD0487452C}.Release|Any CPU.Build.0 = Release|Any CPU
		{9330566C-4093-4FC7-AF61-14850DD15793}.Debug|Any CPU.ActiveCfg = Debug|Any CPU
		{9330566C-4093-4FC7-AF61-14850DD15793}.Debug|Any CPU.Build.0 = Debug|Any CPU
		{9330566C-4093-4FC7-AF61-14850DD15793}.Release|Any CPU.ActiveCfg = Release|Any CPU
		{9330566C-4093-4FC7-AF61-14850DD15793}.Release|Any CPU.Build.0 = Release|Any CPU
		{A9CB4A5C-DCF4-4F87-83C2-2D6A34C6E2BA}.Debug|Any CPU.ActiveCfg = Debug|Any CPU
		{A9CB4A5C-DCF4-4F87-83C2-2D6A34C6E2BA}.Debug|Any CPU.Build.0 = Debug|Any CPU
		{A9CB4A5C-DCF4-4F87-83C2-2D6A34C6E2BA}.Release|Any CPU.ActiveCfg = Release|Any CPU
		{A9CB4A5C-DCF4-4F87-83C2-2D6A34C6E2BA}.Release|Any CPU.Build.0 = Release|Any CPU
		{7C9495CE-AEC5-44CB-9D9C-1150DF99F817}.Debug|Any CPU.ActiveCfg = Debug|Any CPU
		{7C9495CE-AEC5-44CB-9D9C-1150DF99F817}.Debug|Any CPU.Build.0 = Debug|Any CPU
		{7C9495CE-AEC5-44CB-9D9C-1150DF99F817}.Release|Any CPU.ActiveCfg = Release|Any CPU
		{7C9495CE-AEC5-44CB-9D9C-1150DF99F817}.Release|Any CPU.Build.0 = Release|Any CPU
		{9E87D9CA-6617-4DB1-901B-F9A09E7D6ECF}.Debug|Any CPU.ActiveCfg = Debug|Any CPU
		{9E87D9CA-6617-4DB1-901B-F9A09E7D6ECF}.Debug|Any CPU.Build.0 = Debug|Any CPU
		{9E87D9CA-6617-4DB1-901B-F9A09E7D6ECF}.Release|Any CPU.ActiveCfg = Release|Any CPU
		{9E87D9CA-6617-4DB1-901B-F9A09E7D6ECF}.Release|Any CPU.Build.0 = Release|Any CPU
		{8ED50735-4A9D-449F-B854-E2A1470F1D5B}.Debug|Any CPU.ActiveCfg = Debug|Any CPU
		{8ED50735-4A9D-449F-B854-E2A1470F1D5B}.Debug|Any CPU.Build.0 = Debug|Any CPU
		{8ED50735-4A9D-449F-B854-E2A1470F1D5B}.Release|Any CPU.ActiveCfg = Release|Any CPU
		{8ED50735-4A9D-449F-B854-E2A1470F1D5B}.Release|Any CPU.Build.0 = Release|Any CPU
		{E0C98BDF-0F27-4324-80A7-00A3A17E4663}.Debug|Any CPU.ActiveCfg = Debug|Any CPU
		{E0C98BDF-0F27-4324-80A7-00A3A17E4663}.Debug|Any CPU.Build.0 = Debug|Any CPU
		{E0C98BDF-0F27-4324-80A7-00A3A17E4663}.Release|Any CPU.ActiveCfg = Release|Any CPU
		{E0C98BDF-0F27-4324-80A7-00A3A17E4663}.Release|Any CPU.Build.0 = Release|Any CPU
		{7336A2C3-FF5E-442B-AE1F-0CE0A556F162}.Debug|Any CPU.ActiveCfg = Debug|Any CPU
		{7336A2C3-FF5E-442B-AE1F-0CE0A556F162}.Debug|Any CPU.Build.0 = Debug|Any CPU
		{7336A2C3-FF5E-442B-AE1F-0CE0A556F162}.Release|Any CPU.ActiveCfg = Release|Any CPU
		{7336A2C3-FF5E-442B-AE1F-0CE0A556F162}.Release|Any CPU.Build.0 = Release|Any CPU
	EndGlobalSection
	GlobalSection(SolutionProperties) = preSolution
		HideSolutionNode = FALSE
	EndGlobalSection
	GlobalSection(NestedProjects) = preSolution
		{8941C48B-849B-4625-B5F8-0EF567135BC0} = {AE3E98DB-35C1-42D8-AB6D-DE37189DDAA1}
		{988F2F26-89C2-4C44-B1BB-42C394832A4E} = {AE3E98DB-35C1-42D8-AB6D-DE37189DDAA1}
		{04CCC7F8-8AF7-4965-B2EF-2E28331BE421} = {AE3E98DB-35C1-42D8-AB6D-DE37189DDAA1}
		{DCCD4FD6-B437-4586-B932-7AC40EF86A71} = {04CCC7F8-8AF7-4965-B2EF-2E28331BE421}
		{68258835-A222-468B-84F5-441AD58BCD51} = {04CCC7F8-8AF7-4965-B2EF-2E28331BE421}
		{906E381B-85D8-4AEC-9DD0-48F4117FDD9D} = {988F2F26-89C2-4C44-B1BB-42C394832A4E}
		{8EA27390-8455-48EA-ABCB-881272BCE68A} = {8941C48B-849B-4625-B5F8-0EF567135BC0}
		{3701E4D6-A057-49F4-9872-2CAD0487452C} = {DCCD4FD6-B437-4586-B932-7AC40EF86A71}
		{9330566C-4093-4FC7-AF61-14850DD15793} = {68258835-A222-468B-84F5-441AD58BCD51}
		{A9CB4A5C-DCF4-4F87-83C2-2D6A34C6E2BA} = {988F2F26-89C2-4C44-B1BB-42C394832A4E}
		{7C9495CE-AEC5-44CB-9D9C-1150DF99F817} = {68258835-A222-468B-84F5-441AD58BCD51}
		{BF72D8EC-E19F-4D0C-8CDA-39E031E44EEF} = {AE3E98DB-35C1-42D8-AB6D-DE37189DDAA1}
		{9E87D9CA-6617-4DB1-901B-F9A09E7D6ECF} = {BF72D8EC-E19F-4D0C-8CDA-39E031E44EEF}
		{60AB5C1C-5106-40FB-B135-307ADFF1E968} = {AE3E98DB-35C1-42D8-AB6D-DE37189DDAA1}
		{8ED50735-4A9D-449F-B854-E2A1470F1D5B} = {60AB5C1C-5106-40FB-B135-307ADFF1E968}
		{4B18FA02-0F80-4EE7-8B8C-5657C5D0311E} = {AE3E98DB-35C1-42D8-AB6D-DE37189DDAA1}
		{E0C98BDF-0F27-4324-80A7-00A3A17E4663} = {4B18FA02-0F80-4EE7-8B8C-5657C5D0311E}
		{7336A2C3-FF5E-442B-AE1F-0CE0A556F162} = {68258835-A222-468B-84F5-441AD58BCD51}
	EndGlobalSection
	GlobalSection(ExtensibilityGlobals) = postSolution
		SolutionGuid = {1D99216A-08AB-4512-AD62-484E255ED37B}
	EndGlobalSection
EndGlobal
